// !$*UTF8*$!
{
	archiveVersion = 1;
	classes = {
	};
	objectVersion = 56;
	objects = {

/* Begin PBXBuildFile section */
		9F2D607728E6064500CAB9CA /* MainTabView.swift in Sources */ = {isa = PBXBuildFile; fileRef = 9F2D607628E6064500CAB9CA /* MainTabView.swift */; };
		9F2D607928E608E500CAB9CA /* ControlsView.swift in Sources */ = {isa = PBXBuildFile; fileRef = 9F2D607828E608E500CAB9CA /* ControlsView.swift */; };
		9F2D607B28E6126600CAB9CA /* Game.swift in Sources */ = {isa = PBXBuildFile; fileRef = 9F2D607A28E6126600CAB9CA /* Game.swift */; };
		9F2D607D28E6187200CAB9CA /* GameViewModel.swift in Sources */ = {isa = PBXBuildFile; fileRef = 9F2D607C28E6187200CAB9CA /* GameViewModel.swift */; };
		9F2D608028E62BA700CAB9CA /* WelcomeView.swift in Sources */ = {isa = PBXBuildFile; fileRef = 9F2D607F28E62BA700CAB9CA /* WelcomeView.swift */; };
		9F2D608228E6351800CAB9CA /* GameColor.swift in Sources */ = {isa = PBXBuildFile; fileRef = 9F2D608128E6351800CAB9CA /* GameColor.swift */; };
		9F2D608428E637A400CAB9CA /* ResultsView.swift in Sources */ = {isa = PBXBuildFile; fileRef = 9F2D608328E637A400CAB9CA /* ResultsView.swift */; };
		9F2D608628E63A7300CAB9CA /* ResultsViewModel.swift in Sources */ = {isa = PBXBuildFile; fileRef = 9F2D608528E63A7300CAB9CA /* ResultsViewModel.swift */; };
		9FAC3DF228E4B62E00EC1C89 /* Quiz_AppApp.swift in Sources */ = {isa = PBXBuildFile; fileRef = 9FAC3DF128E4B62E00EC1C89 /* Quiz_AppApp.swift */; };
		9FAC3DF428E4B62E00EC1C89 /* GameView.swift in Sources */ = {isa = PBXBuildFile; fileRef = 9FAC3DF328E4B62E00EC1C89 /* GameView.swift */; };
		9FAC3DF628E4B63000EC1C89 /* Assets.xcassets in Resources */ = {isa = PBXBuildFile; fileRef = 9FAC3DF528E4B63000EC1C89 /* Assets.xcassets */; };
		9FAC3DF928E4B63000EC1C89 /* Preview Assets.xcassets in Resources */ = {isa = PBXBuildFile; fileRef = 9FAC3DF828E4B63000EC1C89 /* Preview Assets.xcassets */; };
		9FAC3E0328E4B63000EC1C89 /* Quiz_AppTests.swift in Sources */ = {isa = PBXBuildFile; fileRef = 9FAC3E0228E4B63000EC1C89 /* Quiz_AppTests.swift */; };
		9FAC3E0D28E4B63000EC1C89 /* Quiz_AppUITests.swift in Sources */ = {isa = PBXBuildFile; fileRef = 9FAC3E0C28E4B63000EC1C89 /* Quiz_AppUITests.swift */; };
		9FAC3E0F28E4B63000EC1C89 /* Quiz_AppUITestsLaunchTests.swift in Sources */ = {isa = PBXBuildFile; fileRef = 9FAC3E0E28E4B63000EC1C89 /* Quiz_AppUITestsLaunchTests.swift */; };
		9FAC3E1C28E4D1A000EC1C89 /* Question.swift in Sources */ = {isa = PBXBuildFile; fileRef = 9FAC3E1B28E4D1A000EC1C89 /* Question.swift */; };
		9FAC3E2128E4EA3A00EC1C89 /* BottomText.swift in Sources */ = {isa = PBXBuildFile; fileRef = 9FAC3E2028E4EA3A00EC1C89 /* BottomText.swift */; };
/* End PBXBuildFile section */

/* Begin PBXContainerItemProxy section */
		9FAC3DFF28E4B63000EC1C89 /* PBXContainerItemProxy */ = {
			isa = PBXContainerItemProxy;
			containerPortal = 9FAC3DE628E4B62E00EC1C89 /* Project object */;
			proxyType = 1;
			remoteGlobalIDString = 9FAC3DED28E4B62E00EC1C89;
			remoteInfo = "Quiz App";
		};
		9FAC3E0928E4B63000EC1C89 /* PBXContainerItemProxy */ = {
			isa = PBXContainerItemProxy;
			containerPortal = 9FAC3DE628E4B62E00EC1C89 /* Project object */;
			proxyType = 1;
			remoteGlobalIDString = 9FAC3DED28E4B62E00EC1C89;
			remoteInfo = "Quiz App";
		};
/* End PBXContainerItemProxy section */

/* Begin PBXFileReference section */
		9F2D607628E6064500CAB9CA /* MainTabView.swift */ = {isa = PBXFileReference; lastKnownFileType = sourcecode.swift; path = MainTabView.swift; sourceTree = "<group>"; };
		9F2D607828E608E500CAB9CA /* ControlsView.swift */ = {isa = PBXFileReference; lastKnownFileType = sourcecode.swift; path = ControlsView.swift; sourceTree = "<group>"; };
		9F2D607A28E6126600CAB9CA /* Game.swift */ = {isa = PBXFileReference; lastKnownFileType = sourcecode.swift; path = Game.swift; sourceTree = "<group>"; };
		9F2D607C28E6187200CAB9CA /* GameViewModel.swift */ = {isa = PBXFileReference; lastKnownFileType = sourcecode.swift; path = GameViewModel.swift; sourceTree = "<group>"; };
		9F2D607F28E62BA700CAB9CA /* WelcomeView.swift */ = {isa = PBXFileReference; lastKnownFileType = sourcecode.swift; path = WelcomeView.swift; sourceTree = "<group>"; };
		9F2D608128E6351800CAB9CA /* GameColor.swift */ = {isa = PBXFileReference; lastKnownFileType = sourcecode.swift; path = GameColor.swift; sourceTree = "<group>"; };
		9F2D608328E637A400CAB9CA /* ResultsView.swift */ = {isa = PBXFileReference; lastKnownFileType = sourcecode.swift; path = ResultsView.swift; sourceTree = "<group>"; };
		9F2D608528E63A7300CAB9CA /* ResultsViewModel.swift */ = {isa = PBXFileReference; lastKnownFileType = sourcecode.swift; path = ResultsViewModel.swift; sourceTree = "<group>"; };
		9FAC3DEE28E4B62E00EC1C89 /* Quiz App.app */ = {isa = PBXFileReference; explicitFileType = wrapper.application; includeInIndex = 0; path = "Quiz App.app"; sourceTree = BUILT_PRODUCTS_DIR; };
		9FAC3DF128E4B62E00EC1C89 /* Quiz_AppApp.swift */ = {isa = PBXFileReference; lastKnownFileType = sourcecode.swift; path = Quiz_AppApp.swift; sourceTree = "<group>"; };
		9FAC3DF328E4B62E00EC1C89 /* GameView.swift */ = {isa = PBXFileReference; lastKnownFileType = sourcecode.swift; path = GameView.swift; sourceTree = "<group>"; };
		9FAC3DF528E4B63000EC1C89 /* Assets.xcassets */ = {isa = PBXFileReference; lastKnownFileType = folder.assetcatalog; path = Assets.xcassets; sourceTree = "<group>"; };
		9FAC3DF828E4B63000EC1C89 /* Preview Assets.xcassets */ = {isa = PBXFileReference; lastKnownFileType = folder.assetcatalog; path = "Preview Assets.xcassets"; sourceTree = "<group>"; };
		9FAC3DFE28E4B63000EC1C89 /* Quiz AppTests.xctest */ = {isa = PBXFileReference; explicitFileType = wrapper.cfbundle; includeInIndex = 0; path = "Quiz AppTests.xctest"; sourceTree = BUILT_PRODUCTS_DIR; };
		9FAC3E0228E4B63000EC1C89 /* Quiz_AppTests.swift */ = {isa = PBXFileReference; lastKnownFileType = sourcecode.swift; path = Quiz_AppTests.swift; sourceTree = "<group>"; };
		9FAC3E0828E4B63000EC1C89 /* Quiz AppUITests.xctest */ = {isa = PBXFileReference; explicitFileType = wrapper.cfbundle; includeInIndex = 0; path = "Quiz AppUITests.xctest"; sourceTree = BUILT_PRODUCTS_DIR; };
		9FAC3E0C28E4B63000EC1C89 /* Quiz_AppUITests.swift */ = {isa = PBXFileReference; lastKnownFileType = sourcecode.swift; path = Quiz_AppUITests.swift; sourceTree = "<group>"; };
		9FAC3E0E28E4B63000EC1C89 /* Quiz_AppUITestsLaunchTests.swift */ = {isa = PBXFileReference; lastKnownFileType = sourcecode.swift; path = Quiz_AppUITestsLaunchTests.swift; sourceTree = "<group>"; };
		9FAC3E1B28E4D1A000EC1C89 /* Question.swift */ = {isa = PBXFileReference; lastKnownFileType = sourcecode.swift; path = Question.swift; sourceTree = "<group>"; };
		9FAC3E2028E4EA3A00EC1C89 /* BottomText.swift */ = {isa = PBXFileReference; lastKnownFileType = sourcecode.swift; path = BottomText.swift; sourceTree = "<group>"; };
/* End PBXFileReference section */

/* Begin PBXFrameworksBuildPhase section */
		9FAC3DEB28E4B62E00EC1C89 /* Frameworks */ = {
			isa = PBXFrameworksBuildPhase;
			buildActionMask = 2147483647;
			files = (
			);
			runOnlyForDeploymentPostprocessing = 0;
		};
		9FAC3DFB28E4B63000EC1C89 /* Frameworks */ = {
			isa = PBXFrameworksBuildPhase;
			buildActionMask = 2147483647;
			files = (
			);
			runOnlyForDeploymentPostprocessing = 0;
		};
		9FAC3E0528E4B63000EC1C89 /* Frameworks */ = {
			isa = PBXFrameworksBuildPhase;
			buildActionMask = 2147483647;
			files = (
			);
			runOnlyForDeploymentPostprocessing = 0;
		};
/* End PBXFrameworksBuildPhase section */

/* Begin PBXGroup section */
		9F2D607E28E6189100CAB9CA /* ViewModels */ = {
			isa = PBXGroup;
			children = (
				9F2D607C28E6187200CAB9CA /* GameViewModel.swift */,
				9F2D608128E6351800CAB9CA /* GameColor.swift */,
				9F2D608528E63A7300CAB9CA /* ResultsViewModel.swift */,
			);
			path = ViewModels;
			sourceTree = "<group>";
		};
		9FAC3DE528E4B62E00EC1C89 = {
			isa = PBXGroup;
			children = (
				9FAC3DF028E4B62E00EC1C89 /* Quiz App */,
				9FAC3E0128E4B63000EC1C89 /* Quiz AppTests */,
				9FAC3E0B28E4B63000EC1C89 /* Quiz AppUITests */,
				9FAC3DEF28E4B62E00EC1C89 /* Products */,
			);
			sourceTree = "<group>";
		};
		9FAC3DEF28E4B62E00EC1C89 /* Products */ = {
			isa = PBXGroup;
			children = (
				9FAC3DEE28E4B62E00EC1C89 /* Quiz App.app */,
				9FAC3DFE28E4B63000EC1C89 /* Quiz AppTests.xctest */,
				9FAC3E0828E4B63000EC1C89 /* Quiz AppUITests.xctest */,
			);
			name = Products;
			sourceTree = "<group>";
		};
		9FAC3DF028E4B62E00EC1C89 /* Quiz App */ = {
			isa = PBXGroup;
			children = (
				9FAC3DF128E4B62E00EC1C89 /* Quiz_AppApp.swift */,
				9FAC3E1F28E4E65300EC1C89 /* Models */,
				9FAC3E1D28E4E60F00EC1C89 /* Views */,
				9F2D607E28E6189100CAB9CA /* ViewModels */,
				9FAC3DF528E4B63000EC1C89 /* Assets.xcassets */,
				9FAC3DF728E4B63000EC1C89 /* Preview Content */,
			);
			path = "Quiz App";
			sourceTree = "<group>";
		};
		9FAC3DF728E4B63000EC1C89 /* Preview Content */ = {
			isa = PBXGroup;
			children = (
				9FAC3DF828E4B63000EC1C89 /* Preview Assets.xcassets */,
			);
			path = "Preview Content";
			sourceTree = "<group>";
		};
		9FAC3E0128E4B63000EC1C89 /* Quiz AppTests */ = {
			isa = PBXGroup;
			children = (
				9FAC3E0228E4B63000EC1C89 /* Quiz_AppTests.swift */,
			);
			path = "Quiz AppTests";
			sourceTree = "<group>";
		};
		9FAC3E0B28E4B63000EC1C89 /* Quiz AppUITests */ = {
			isa = PBXGroup;
			children = (
				9FAC3E0C28E4B63000EC1C89 /* Quiz_AppUITests.swift */,
				9FAC3E0E28E4B63000EC1C89 /* Quiz_AppUITestsLaunchTests.swift */,
			);
			path = "Quiz AppUITests";
			sourceTree = "<group>";
		};
		9FAC3E1D28E4E60F00EC1C89 /* Views */ = {
			isa = PBXGroup;
			children = (
				9F2D607628E6064500CAB9CA /* MainTabView.swift */,
				9F2D607828E608E500CAB9CA /* ControlsView.swift */,
				9FAC3DF328E4B62E00EC1C89 /* GameView.swift */,
				9FAC3E2028E4EA3A00EC1C89 /* BottomText.swift */,
				9F2D607F28E62BA700CAB9CA /* WelcomeView.swift */,
				9F2D608328E637A400CAB9CA /* ResultsView.swift */,
			);
			path = Views;
			sourceTree = "<group>";
		};
		9FAC3E1F28E4E65300EC1C89 /* Models */ = {
			isa = PBXGroup;
			children = (
				9FAC3E1B28E4D1A000EC1C89 /* Question.swift */,
				9F2D607A28E6126600CAB9CA /* Game.swift */,
			);
			path = Models;
			sourceTree = "<group>";
		};
/* End PBXGroup section */

/* Begin PBXNativeTarget section */
		9FAC3DED28E4B62E00EC1C89 /* Quiz App */ = {
			isa = PBXNativeTarget;
			buildConfigurationList = 9FAC3E1228E4B63000EC1C89 /* Build configuration list for PBXNativeTarget "Quiz App" */;
			buildPhases = (
				9FAC3DEA28E4B62E00EC1C89 /* Sources */,
				9FAC3DEB28E4B62E00EC1C89 /* Frameworks */,
				9FAC3DEC28E4B62E00EC1C89 /* Resources */,
			);
			buildRules = (
			);
			dependencies = (
			);
			name = "Quiz App";
			productName = "Quiz App";
			productReference = 9FAC3DEE28E4B62E00EC1C89 /* Quiz App.app */;
			productType = "com.apple.product-type.application";
		};
		9FAC3DFD28E4B63000EC1C89 /* Quiz AppTests */ = {
			isa = PBXNativeTarget;
			buildConfigurationList = 9FAC3E1528E4B63000EC1C89 /* Build configuration list for PBXNativeTarget "Quiz AppTests" */;
			buildPhases = (
				9FAC3DFA28E4B63000EC1C89 /* Sources */,
				9FAC3DFB28E4B63000EC1C89 /* Frameworks */,
				9FAC3DFC28E4B63000EC1C89 /* Resources */,
			);
			buildRules = (
			);
			dependencies = (
				9FAC3E0028E4B63000EC1C89 /* PBXTargetDependency */,
			);
			name = "Quiz AppTests";
			productName = "Quiz AppTests";
			productReference = 9FAC3DFE28E4B63000EC1C89 /* Quiz AppTests.xctest */;
			productType = "com.apple.product-type.bundle.unit-test";
		};
		9FAC3E0728E4B63000EC1C89 /* Quiz AppUITests */ = {
			isa = PBXNativeTarget;
			buildConfigurationList = 9FAC3E1828E4B63000EC1C89 /* Build configuration list for PBXNativeTarget "Quiz AppUITests" */;
			buildPhases = (
				9FAC3E0428E4B63000EC1C89 /* Sources */,
				9FAC3E0528E4B63000EC1C89 /* Frameworks */,
				9FAC3E0628E4B63000EC1C89 /* Resources */,
			);
			buildRules = (
			);
			dependencies = (
				9FAC3E0A28E4B63000EC1C89 /* PBXTargetDependency */,
			);
			name = "Quiz AppUITests";
			productName = "Quiz AppUITests";
			productReference = 9FAC3E0828E4B63000EC1C89 /* Quiz AppUITests.xctest */;
			productType = "com.apple.product-type.bundle.ui-testing";
		};
/* End PBXNativeTarget section */

/* Begin PBXProject section */
		9FAC3DE628E4B62E00EC1C89 /* Project object */ = {
			isa = PBXProject;
			attributes = {
				BuildIndependentTargetsInParallel = 1;
				LastSwiftUpdateCheck = 1400;
				LastUpgradeCheck = 1400;
				TargetAttributes = {
					9FAC3DED28E4B62E00EC1C89 = {
						CreatedOnToolsVersion = 14.0.1;
					};
					9FAC3DFD28E4B63000EC1C89 = {
						CreatedOnToolsVersion = 14.0.1;
						TestTargetID = 9FAC3DED28E4B62E00EC1C89;
					};
					9FAC3E0728E4B63000EC1C89 = {
						CreatedOnToolsVersion = 14.0.1;
						TestTargetID = 9FAC3DED28E4B62E00EC1C89;
					};
				};
			};
			buildConfigurationList = 9FAC3DE928E4B62E00EC1C89 /* Build configuration list for PBXProject "Quiz App" */;
			compatibilityVersion = "Xcode 14.0";
			developmentRegion = en;
			hasScannedForEncodings = 0;
			knownRegions = (
				en,
				Base,
			);
			mainGroup = 9FAC3DE528E4B62E00EC1C89;
			productRefGroup = 9FAC3DEF28E4B62E00EC1C89 /* Products */;
			projectDirPath = "";
			projectRoot = "";
			targets = (
				9FAC3DED28E4B62E00EC1C89 /* Quiz App */,
				9FAC3DFD28E4B63000EC1C89 /* Quiz AppTests */,
				9FAC3E0728E4B63000EC1C89 /* Quiz AppUITests */,
			);
		};
/* End PBXProject section */

/* Begin PBXResourcesBuildPhase section */
		9FAC3DEC28E4B62E00EC1C89 /* Resources */ = {
			isa = PBXResourcesBuildPhase;
			buildActionMask = 2147483647;
			files = (
				9FAC3DF928E4B63000EC1C89 /* Preview Assets.xcassets in Resources */,
				9FAC3DF628E4B63000EC1C89 /* Assets.xcassets in Resources */,
			);
			runOnlyForDeploymentPostprocessing = 0;
		};
		9FAC3DFC28E4B63000EC1C89 /* Resources */ = {
			isa = PBXResourcesBuildPhase;
			buildActionMask = 2147483647;
			files = (
			);
			runOnlyForDeploymentPostprocessing = 0;
		};
		9FAC3E0628E4B63000EC1C89 /* Resources */ = {
			isa = PBXResourcesBuildPhase;
			buildActionMask = 2147483647;
			files = (
			);
			runOnlyForDeploymentPostprocessing = 0;
		};
/* End PBXResourcesBuildPhase section */

/* Begin PBXSourcesBuildPhase section */
		9FAC3DEA28E4B62E00EC1C89 /* Sources */ = {
			isa = PBXSourcesBuildPhase;
			buildActionMask = 2147483647;
			files = (
				9FAC3E1C28E4D1A000EC1C89 /* Question.swift in Sources */,
				9F2D608228E6351800CAB9CA /* GameColor.swift in Sources */,
				9FAC3E2128E4EA3A00EC1C89 /* BottomText.swift in Sources */,
				9F2D608628E63A7300CAB9CA /* ResultsViewModel.swift in Sources */,
				9F2D607B28E6126600CAB9CA /* Game.swift in Sources */,
				9FAC3DF428E4B62E00EC1C89 /* GameView.swift in Sources */,
				9F2D608428E637A400CAB9CA /* ResultsView.swift in Sources */,
				9F2D608028E62BA700CAB9CA /* WelcomeView.swift in Sources */,
				9F2D607D28E6187200CAB9CA /* GameViewModel.swift in Sources */,
				9FAC3DF228E4B62E00EC1C89 /* Quiz_AppApp.swift in Sources */,
				9F2D607928E608E500CAB9CA /* ControlsView.swift in Sources */,
				9F2D607728E6064500CAB9CA /* MainTabView.swift in Sources */,
			);
			runOnlyForDeploymentPostprocessing = 0;
		};
		9FAC3DFA28E4B63000EC1C89 /* Sources */ = {
			isa = PBXSourcesBuildPhase;
			buildActionMask = 2147483647;
			files = (
				9FAC3E0328E4B63000EC1C89 /* Quiz_AppTests.swift in Sources */,
			);
			runOnlyForDeploymentPostprocessing = 0;
		};
		9FAC3E0428E4B63000EC1C89 /* Sources */ = {
			isa = PBXSourcesBuildPhase;
			buildActionMask = 2147483647;
			files = (
				9FAC3E0F28E4B63000EC1C89 /* Quiz_AppUITestsLaunchTests.swift in Sources */,
				9FAC3E0D28E4B63000EC1C89 /* Quiz_AppUITests.swift in Sources */,
			);
			runOnlyForDeploymentPostprocessing = 0;
		};
/* End PBXSourcesBuildPhase section */

/* Begin PBXTargetDependency section */
		9FAC3E0028E4B63000EC1C89 /* PBXTargetDependency */ = {
			isa = PBXTargetDependency;
			target = 9FAC3DED28E4B62E00EC1C89 /* Quiz App */;
			targetProxy = 9FAC3DFF28E4B63000EC1C89 /* PBXContainerItemProxy */;
		};
		9FAC3E0A28E4B63000EC1C89 /* PBXTargetDependency */ = {
			isa = PBXTargetDependency;
			target = 9FAC3DED28E4B62E00EC1C89 /* Quiz App */;
			targetProxy = 9FAC3E0928E4B63000EC1C89 /* PBXContainerItemProxy */;
		};
/* End PBXTargetDependency section */

/* Begin XCBuildConfiguration section */
		9FAC3E1028E4B63000EC1C89 /* Debug */ = {
			isa = XCBuildConfiguration;
			buildSettings = {
				ALWAYS_SEARCH_USER_PATHS = NO;
				CLANG_ANALYZER_NONNULL = YES;
				CLANG_ANALYZER_NUMBER_OBJECT_CONVERSION = YES_AGGRESSIVE;
				CLANG_CXX_LANGUAGE_STANDARD = "gnu++20";
				CLANG_ENABLE_MODULES = YES;
				CLANG_ENABLE_OBJC_ARC = YES;
				CLANG_ENABLE_OBJC_WEAK = YES;
				CLANG_WARN_BLOCK_CAPTURE_AUTORELEASING = YES;
				CLANG_WARN_BOOL_CONVERSION = YES;
				CLANG_WARN_COMMA = YES;
				CLANG_WARN_CONSTANT_CONVERSION = YES;
				CLANG_WARN_DEPRECATED_OBJC_IMPLEMENTATIONS = YES;
				CLANG_WARN_DIRECT_OBJC_ISA_USAGE = YES_ERROR;
				CLANG_WARN_DOCUMENTATION_COMMENTS = YES;
				CLANG_WARN_EMPTY_BODY = YES;
				CLANG_WARN_ENUM_CONVERSION = YES;
				CLANG_WARN_INFINITE_RECURSION = YES;
				CLANG_WARN_INT_CONVERSION = YES;
				CLANG_WARN_NON_LITERAL_NULL_CONVERSION = YES;
				CLANG_WARN_OBJC_IMPLICIT_RETAIN_SELF = YES;
				CLANG_WARN_OBJC_LITERAL_CONVERSION = YES;
				CLANG_WARN_OBJC_ROOT_CLASS = YES_ERROR;
				CLANG_WARN_QUOTED_INCLUDE_IN_FRAMEWORK_HEADER = YES;
				CLANG_WARN_RANGE_LOOP_ANALYSIS = YES;
				CLANG_WARN_STRICT_PROTOTYPES = YES;
				CLANG_WARN_SUSPICIOUS_MOVE = YES;
				CLANG_WARN_UNGUARDED_AVAILABILITY = YES_AGGRESSIVE;
				CLANG_WARN_UNREACHABLE_CODE = YES;
				CLANG_WARN__DUPLICATE_METHOD_MATCH = YES;
				COPY_PHASE_STRIP = NO;
				DEBUG_INFORMATION_FORMAT = dwarf;
				ENABLE_STRICT_OBJC_MSGSEND = YES;
				ENABLE_TESTABILITY = YES;
				GCC_C_LANGUAGE_STANDARD = gnu11;
				GCC_DYNAMIC_NO_PIC = NO;
				GCC_NO_COMMON_BLOCKS = YES;
				GCC_OPTIMIZATION_LEVEL = 0;
				GCC_PREPROCESSOR_DEFINITIONS = (
					"DEBUG=1",
					"$(inherited)",
				);
				GCC_WARN_64_TO_32_BIT_CONVERSION = YES;
				GCC_WARN_ABOUT_RETURN_TYPE = YES_ERROR;
				GCC_WARN_UNDECLARED_SELECTOR = YES;
				GCC_WARN_UNINITIALIZED_AUTOS = YES_AGGRESSIVE;
				GCC_WARN_UNUSED_FUNCTION = YES;
				GCC_WARN_UNUSED_VARIABLE = YES;
				IPHONEOS_DEPLOYMENT_TARGET = 16.0;
				MTL_ENABLE_DEBUG_INFO = INCLUDE_SOURCE;
				MTL_FAST_MATH = YES;
				ONLY_ACTIVE_ARCH = YES;
				SDKROOT = iphoneos;
				SWIFT_ACTIVE_COMPILATION_CONDITIONS = DEBUG;
				SWIFT_OPTIMIZATION_LEVEL = "-Onone";
			};
			name = Debug;
		};
		9FAC3E1128E4B63000EC1C89 /* Release */ = {
			isa = XCBuildConfiguration;
			buildSettings = {
				ALWAYS_SEARCH_USER_PATHS = NO;
				CLANG_ANALYZER_NONNULL = YES;
				CLANG_ANALYZER_NUMBER_OBJECT_CONVERSION = YES_AGGRESSIVE;
				CLANG_CXX_LANGUAGE_STANDARD = "gnu++20";
				CLANG_ENABLE_MODULES = YES;
				CLANG_ENABLE_OBJC_ARC = YES;
				CLANG_ENABLE_OBJC_WEAK = YES;
				CLANG_WARN_BLOCK_CAPTURE_AUTORELEASING = YES;
				CLANG_WARN_BOOL_CONVERSION = YES;
				CLANG_WARN_COMMA = YES;
				CLANG_WARN_CONSTANT_CONVERSION = YES;
				CLANG_WARN_DEPRECATED_OBJC_IMPLEMENTATIONS = YES;
				CLANG_WARN_DIRECT_OBJC_ISA_USAGE = YES_ERROR;
				CLANG_WARN_DOCUMENTATION_COMMENTS = YES;
				CLANG_WARN_EMPTY_BODY = YES;
				CLANG_WARN_ENUM_CONVERSION = YES;
				CLANG_WARN_INFINITE_RECURSION = YES;
				CLANG_WARN_INT_CONVERSION = YES;
				CLANG_WARN_NON_LITERAL_NULL_CONVERSION = YES;
				CLANG_WARN_OBJC_IMPLICIT_RETAIN_SELF = YES;
				CLANG_WARN_OBJC_LITERAL_CONVERSION = YES;
				CLANG_WARN_OBJC_ROOT_CLASS = YES_ERROR;
				CLANG_WARN_QUOTED_INCLUDE_IN_FRAMEWORK_HEADER = YES;
				CLANG_WARN_RANGE_LOOP_ANALYSIS = YES;
				CLANG_WARN_STRICT_PROTOTYPES = YES;
				CLANG_WARN_SUSPICIOUS_MOVE = YES;
				CLANG_WARN_UNGUARDED_AVAILABILITY = YES_AGGRESSIVE;
				CLANG_WARN_UNREACHABLE_CODE = YES;
				CLANG_WARN__DUPLICATE_METHOD_MATCH = YES;
				COPY_PHASE_STRIP = NO;
				DEBUG_INFORMATION_FORMAT = "dwarf-with-dsym";
				ENABLE_NS_ASSERTIONS = NO;
				ENABLE_STRICT_OBJC_MSGSEND = YES;
				GCC_C_LANGUAGE_STANDARD = gnu11;
				GCC_NO_COMMON_BLOCKS = YES;
				GCC_WARN_64_TO_32_BIT_CONVERSION = YES;
				GCC_WARN_ABOUT_RETURN_TYPE = YES_ERROR;
				GCC_WARN_UNDECLARED_SELECTOR = YES;
				GCC_WARN_UNINITIALIZED_AUTOS = YES_AGGRESSIVE;
				GCC_WARN_UNUSED_FUNCTION = YES;
				GCC_WARN_UNUSED_VARIABLE = YES;
				IPHONEOS_DEPLOYMENT_TARGET = 16.0;
				MTL_ENABLE_DEBUG_INFO = NO;
				MTL_FAST_MATH = YES;
				SDKROOT = iphoneos;
				SWIFT_COMPILATION_MODE = wholemodule;
				SWIFT_OPTIMIZATION_LEVEL = "-O";
				VALIDATE_PRODUCT = YES;
			};
			name = Release;
		};
		9FAC3E1328E4B63000EC1C89 /* Debug */ = {
			isa = XCBuildConfiguration;
			buildSettings = {
				ASSETCATALOG_COMPILER_APPICON_NAME = AppIcon;
				ASSETCATALOG_COMPILER_GLOBAL_ACCENT_COLOR_NAME = AccentColor;
				CODE_SIGN_STYLE = Automatic;
				CURRENT_PROJECT_VERSION = 1;
				DEVELOPMENT_ASSET_PATHS = "\"Quiz App/Preview Content\"";
				DEVELOPMENT_TEAM = B2S39LPH8P;
				ENABLE_PREVIEWS = YES;
				GENERATE_INFOPLIST_FILE = YES;
				INFOPLIST_KEY_UIApplicationSceneManifest_Generation = YES;
				INFOPLIST_KEY_UIApplicationSupportsIndirectInputEvents = YES;
				INFOPLIST_KEY_UILaunchScreen_Generation = YES;
				INFOPLIST_KEY_UISupportedInterfaceOrientations_iPad = "UIInterfaceOrientationPortrait UIInterfaceOrientationPortraitUpsideDown UIInterfaceOrientationLandscapeLeft UIInterfaceOrientationLandscapeRight";
				INFOPLIST_KEY_UISupportedInterfaceOrientations_iPhone = "UIInterfaceOrientationPortrait UIInterfaceOrientationLandscapeLeft UIInterfaceOrientationLandscapeRight";
				LD_RUNPATH_SEARCH_PATHS = (
					"$(inherited)",
					"@executable_path/Frameworks",
				);
				MARKETING_VERSION = 1.0;
				PRODUCT_BUNDLE_IDENTIFIER = "mirandas.Quiz-App";
				PRODUCT_NAME = "$(TARGET_NAME)";
				SWIFT_EMIT_LOC_STRINGS = YES;
				SWIFT_VERSION = 5.0;
				TARGETED_DEVICE_FAMILY = "1,2";
			};
			name = Debug;
		};
		9FAC3E1428E4B63000EC1C89 /* Release */ = {
			isa = XCBuildConfiguration;
			buildSettings = {
				ASSETCATALOG_COMPILER_APPICON_NAME = AppIcon;
				ASSETCATALOG_COMPILER_GLOBAL_ACCENT_COLOR_NAME = AccentColor;
				CODE_SIGN_STYLE = Automatic;
				CURRENT_PROJECT_VERSION = 1;
				DEVELOPMENT_ASSET_PATHS = "\"Quiz App/Preview Content\"";
				DEVELOPMENT_TEAM = B2S39LPH8P;
				ENABLE_PREVIEWS = YES;
				GENERATE_INFOPLIST_FILE = YES;
				INFOPLIST_KEY_UIApplicationSceneManifest_Generation = YES;
				INFOPLIST_KEY_UIApplicationSupportsIndirectInputEvents = YES;
				INFOPLIST_KEY_UILaunchScreen_Generation = YES;
				INFOPLIST_KEY_UISupportedInterfaceOrientations_iPad = "UIInterfaceOrientationPortrait UIInterfaceOrientationPortraitUpsideDown UIInterfaceOrientationLandscapeLeft UIInterfaceOrientationLandscapeRight";
				INFOPLIST_KEY_UISupportedInterfaceOrientations_iPhone = "UIInterfaceOrientationPortrait UIInterfaceOrientationLandscapeLeft UIInterfaceOrientationLandscapeRight";
				LD_RUNPATH_SEARCH_PATHS = (
					"$(inherited)",
					"@executable_path/Frameworks",
				);
				MARKETING_VERSION = 1.0;
				PRODUCT_BUNDLE_IDENTIFIER = "mirandas.Quiz-App";
				PRODUCT_NAME = "$(TARGET_NAME)";
				SWIFT_EMIT_LOC_STRINGS = YES;
				SWIFT_VERSION = 5.0;
				TARGETED_DEVICE_FAMILY = "1,2";
			};
			name = Release;
		};
		9FAC3E1628E4B63000EC1C89 /* Debug */ = {
			isa = XCBuildConfiguration;
			buildSettings = {
				ALWAYS_EMBED_SWIFT_STANDARD_LIBRARIES = YES;
				BUNDLE_LOADER = "$(TEST_HOST)";
				CODE_SIGN_STYLE = Automatic;
				CURRENT_PROJECT_VERSION = 1;
				DEVELOPMENT_TEAM = B2S39LPH8P;
				GENERATE_INFOPLIST_FILE = YES;
				IPHONEOS_DEPLOYMENT_TARGET = 16.0;
				MARKETING_VERSION = 1.0;
				PRODUCT_BUNDLE_IDENTIFIER = "mirandas.Quiz-AppTests";
				PRODUCT_NAME = "$(TARGET_NAME)";
				SWIFT_EMIT_LOC_STRINGS = NO;
				SWIFT_VERSION = 5.0;
				TARGETED_DEVICE_FAMILY = "1,2";
				TEST_HOST = "$(BUILT_PRODUCTS_DIR)/Quiz App.app/$(BUNDLE_EXECUTABLE_FOLDER_PATH)/Quiz App";
			};
			name = Debug;
		};
		9FAC3E1728E4B63000EC1C89 /* Release */ = {
			isa = XCBuildConfiguration;
			buildSettings = {
				ALWAYS_EMBED_SWIFT_STANDARD_LIBRARIES = YES;
				BUNDLE_LOADER = "$(TEST_HOST)";
				CODE_SIGN_STYLE = Automatic;
				CURRENT_PROJECT_VERSION = 1;
				DEVELOPMENT_TEAM = B2S39LPH8P;
				GENERATE_INFOPLIST_FILE = YES;
				IPHONEOS_DEPLOYMENT_TARGET = 16.0;
				MARKETING_VERSION = 1.0;
				PRODUCT_BUNDLE_IDENTIFIER = "mirandas.Quiz-AppTests";
				PRODUCT_NAME = "$(TARGET_NAME)";
				SWIFT_EMIT_LOC_STRINGS = NO;
				SWIFT_VERSION = 5.0;
				TARGETED_DEVICE_FAMILY = "1,2";
				TEST_HOST = "$(BUILT_PRODUCTS_DIR)/Quiz App.app/$(BUNDLE_EXECUTABLE_FOLDER_PATH)/Quiz App";
			};
			name = Release;
		};
		9FAC3E1928E4B63000EC1C89 /* Debug */ = {
			isa = XCBuildConfiguration;
			buildSettings = {
				ALWAYS_EMBED_SWIFT_STANDARD_LIBRARIES = YES;
				CODE_SIGN_STYLE = Automatic;
				CURRENT_PROJECT_VERSION = 1;
				DEVELOPMENT_TEAM = B2S39LPH8P;
				GENERATE_INFOPLIST_FILE = YES;
				MARKETING_VERSION = 1.0;
				PRODUCT_BUNDLE_IDENTIFIER = "mirandas.Quiz-AppUITests";
				PRODUCT_NAME = "$(TARGET_NAME)";
				SWIFT_EMIT_LOC_STRINGS = NO;
				SWIFT_VERSION = 5.0;
				TARGETED_DEVICE_FAMILY = "1,2";
				TEST_TARGET_NAME = "Quiz App";
			};
			name = Debug;
		};
		9FAC3E1A28E4B63000EC1C89 /* Release */ = {
			isa = XCBuildConfiguration;
			buildSettings = {
				ALWAYS_EMBED_SWIFT_STANDARD_LIBRARIES = YES;
				CODE_SIGN_STYLE = Automatic;
				CURRENT_PROJECT_VERSION = 1;
				DEVELOPMENT_TEAM = B2S39LPH8P;
				GENERATE_INFOPLIST_FILE = YES;
				MARKETING_VERSION = 1.0;
				PRODUCT_BUNDLE_IDENTIFIER = "mirandas.Quiz-AppUITests";
				PRODUCT_NAME = "$(TARGET_NAME)";
				SWIFT_EMIT_LOC_STRINGS = NO;
				SWIFT_VERSION = 5.0;
				TARGETED_DEVICE_FAMILY = "1,2";
				TEST_TARGET_NAME = "Quiz App";
			};
			name = Release;
		};
/* End XCBuildConfiguration section */

/* Begin XCConfigurationList section */
		9FAC3DE928E4B62E00EC1C89 /* Build configuration list for PBXProject "Quiz App" */ = {
			isa = XCConfigurationList;
			buildConfigurations = (
				9FAC3E1028E4B63000EC1C89 /* Debug */,
				9FAC3E1128E4B63000EC1C89 /* Release */,
			);
			defaultConfigurationIsVisible = 0;
			defaultConfigurationName = Release;
		};
		9FAC3E1228E4B63000EC1C89 /* Build configuration list for PBXNativeTarget "Quiz App" */ = {
			isa = XCConfigurationList;
			buildConfigurations = (
				9FAC3E1328E4B63000EC1C89 /* Debug */,
				9FAC3E1428E4B63000EC1C89 /* Release */,
			);
			defaultConfigurationIsVisible = 0;
			defaultConfigurationName = Release;
		};
		9FAC3E1528E4B63000EC1C89 /* Build configuration list for PBXNativeTarget "Quiz AppTests" */ = {
			isa = XCConfigurationList;
			buildConfigurations = (
				9FAC3E1628E4B63000EC1C89 /* Debug */,
				9FAC3E1728E4B63000EC1C89 /* Release */,
			);
			defaultConfigurationIsVisible = 0;
			defaultConfigurationName = Release;
		};
		9FAC3E1828E4B63000EC1C89 /* Build configuration list for PBXNativeTarget "Quiz AppUITests" */ = {
			isa = XCConfigurationList;
			buildConfigurations = (
				9FAC3E1928E4B63000EC1C89 /* Debug */,
				9FAC3E1A28E4B63000EC1C89 /* Release */,
			);
			defaultConfigurationIsVisible = 0;
			defaultConfigurationName = Release;
		};
/* End XCConfigurationList section */
	};
	rootObject = 9FAC3DE628E4B62E00EC1C89 /* Project object */;
}
